// !$*UTF8*$!
{
	archiveVersion = 1;
	classes = {
	};
	objectVersion = 50;
	objects = {

/* Begin PBXBuildFile section */
		7105FDF523E6438C00FA0DD7 /* MyCVPresenter.swift in Sources */ = {isa = PBXBuildFile; fileRef = 7105FDF423E6438C00FA0DD7 /* MyCVPresenter.swift */; };
		7105FDF723E643DA00FA0DD7 /* MyCVInteractor.swift in Sources */ = {isa = PBXBuildFile; fileRef = 7105FDF623E643DA00FA0DD7 /* MyCVInteractor.swift */; };
		7105FDF923E6442F00FA0DD7 /* MyCVRouter.swift in Sources */ = {isa = PBXBuildFile; fileRef = 7105FDF823E6442F00FA0DD7 /* MyCVRouter.swift */; };
		7105FDFB23E6449900FA0DD7 /* MyCVBuilder.swift in Sources */ = {isa = PBXBuildFile; fileRef = 7105FDFA23E6449900FA0DD7 /* MyCVBuilder.swift */; };
		712F985E23E75AC00074EF32 /* SectionView.swift in Sources */ = {isa = PBXBuildFile; fileRef = 712F985D23E75AC00074EF32 /* SectionView.swift */; };
		7157538923E5417400A93A12 /* AppDelegate.swift in Sources */ = {isa = PBXBuildFile; fileRef = 7157538823E5417400A93A12 /* AppDelegate.swift */; };
		7157538D23E5417400A93A12 /* MyCVViewController.swift in Sources */ = {isa = PBXBuildFile; fileRef = 7157538C23E5417400A93A12 /* MyCVViewController.swift */; };
		7157539023E5417400A93A12 /* Main.storyboard in Resources */ = {isa = PBXBuildFile; fileRef = 7157538E23E5417400A93A12 /* Main.storyboard */; };
		7157539223E5417500A93A12 /* Assets.xcassets in Resources */ = {isa = PBXBuildFile; fileRef = 7157539123E5417500A93A12 /* Assets.xcassets */; };
		7157539523E5417500A93A12 /* LaunchScreen.storyboard in Resources */ = {isa = PBXBuildFile; fileRef = 7157539323E5417500A93A12 /* LaunchScreen.storyboard */; };
		715753A023E5417500A93A12 /* MyCVTests.swift in Sources */ = {isa = PBXBuildFile; fileRef = 7157539F23E5417500A93A12 /* MyCVTests.swift */; };
		71F11C4423E674A800F18AB3 /* CVInfoModel.swift in Sources */ = {isa = PBXBuildFile; fileRef = 71F11C4323E674A800F18AB3 /* CVInfoModel.swift */; };
		71F11C4723E6758A00F18AB3 /* ServiceConnection.swift in Sources */ = {isa = PBXBuildFile; fileRef = 71F11C4623E6758A00F18AB3 /* ServiceConnection.swift */; };
		71F11C4923E67C2F00F18AB3 /* MyCVService.swift in Sources */ = {isa = PBXBuildFile; fileRef = 71F11C4823E67C2F00F18AB3 /* MyCVService.swift */; };
		71F11C4C23E696FA00F18AB3 /* HeaderView.swift in Sources */ = {isa = PBXBuildFile; fileRef = 71F11C4B23E696FA00F18AB3 /* HeaderView.swift */; };
		71F11C4F23E6B77700F18AB3 /* avatar.jpg in Resources */ = {isa = PBXBuildFile; fileRef = 71F11C4E23E6B77700F18AB3 /* avatar.jpg */; };
		71F11C5323E6C11B00F18AB3 /* ExperienceTableViewCell.swift in Sources */ = {isa = PBXBuildFile; fileRef = 71F11C5123E6C11B00F18AB3 /* ExperienceTableViewCell.swift */; };
		71F11C5423E6C11B00F18AB3 /* ExperienceTableViewCell.xib in Resources */ = {isa = PBXBuildFile; fileRef = 71F11C5223E6C11B00F18AB3 /* ExperienceTableViewCell.xib */; };
		71F11C5623E6CF8A00F18AB3 /* MyCVDataSource.swift in Sources */ = {isa = PBXBuildFile; fileRef = 71F11C5523E6CF8A00F18AB3 /* MyCVDataSource.swift */; };
		71F11C5923E746F300F18AB3 /* MyCVViewController+DataSource.swift in Sources */ = {isa = PBXBuildFile; fileRef = 71F11C5823E746F300F18AB3 /* MyCVViewController+DataSource.swift */; };
		71F11C5B23E7475B00F18AB3 /* MyCVViewController+TableViewDelegate.swift in Sources */ = {isa = PBXBuildFile; fileRef = 71F11C5A23E7475B00F18AB3 /* MyCVViewController+TableViewDelegate.swift */; };
		71F11C5D23E747B400F18AB3 /* MyCVViewController+ScrollViewDelegate.swift in Sources */ = {isa = PBXBuildFile; fileRef = 71F11C5C23E747B400F18AB3 /* MyCVViewController+ScrollViewDelegate.swift */; };
/* End PBXBuildFile section */

/* Begin PBXContainerItemProxy section */
		7157539C23E5417500A93A12 /* PBXContainerItemProxy */ = {
			isa = PBXContainerItemProxy;
			containerPortal = 7157537D23E5417400A93A12 /* Project object */;
			proxyType = 1;
			remoteGlobalIDString = 7157538423E5417400A93A12;
			remoteInfo = MyCV;
		};
/* End PBXContainerItemProxy section */

/* Begin PBXFileReference section */
		7105FDF423E6438C00FA0DD7 /* MyCVPresenter.swift */ = {isa = PBXFileReference; lastKnownFileType = sourcecode.swift; path = MyCVPresenter.swift; sourceTree = "<group>"; };
		7105FDF623E643DA00FA0DD7 /* MyCVInteractor.swift */ = {isa = PBXFileReference; lastKnownFileType = sourcecode.swift; path = MyCVInteractor.swift; sourceTree = "<group>"; };
		7105FDF823E6442F00FA0DD7 /* MyCVRouter.swift */ = {isa = PBXFileReference; lastKnownFileType = sourcecode.swift; path = MyCVRouter.swift; sourceTree = "<group>"; };
		7105FDFA23E6449900FA0DD7 /* MyCVBuilder.swift */ = {isa = PBXFileReference; lastKnownFileType = sourcecode.swift; path = MyCVBuilder.swift; sourceTree = "<group>"; };
		712F985D23E75AC00074EF32 /* SectionView.swift */ = {isa = PBXFileReference; lastKnownFileType = sourcecode.swift; path = SectionView.swift; sourceTree = "<group>"; };
		7157538523E5417400A93A12 /* MyCV.app */ = {isa = PBXFileReference; explicitFileType = wrapper.application; includeInIndex = 0; path = MyCV.app; sourceTree = BUILT_PRODUCTS_DIR; };
		7157538823E5417400A93A12 /* AppDelegate.swift */ = {isa = PBXFileReference; lastKnownFileType = sourcecode.swift; path = AppDelegate.swift; sourceTree = "<group>"; };
		7157538C23E5417400A93A12 /* MyCVViewController.swift */ = {isa = PBXFileReference; lastKnownFileType = sourcecode.swift; path = MyCVViewController.swift; sourceTree = "<group>"; };
		7157538F23E5417400A93A12 /* Base */ = {isa = PBXFileReference; lastKnownFileType = file.storyboard; name = Base; path = Base.lproj/Main.storyboard; sourceTree = "<group>"; };
		7157539123E5417500A93A12 /* Assets.xcassets */ = {isa = PBXFileReference; lastKnownFileType = folder.assetcatalog; path = Assets.xcassets; sourceTree = "<group>"; };
		7157539423E5417500A93A12 /* Base */ = {isa = PBXFileReference; lastKnownFileType = file.storyboard; name = Base; path = Base.lproj/LaunchScreen.storyboard; sourceTree = "<group>"; };
		7157539623E5417500A93A12 /* Info.plist */ = {isa = PBXFileReference; lastKnownFileType = text.plist.xml; path = Info.plist; sourceTree = "<group>"; };
		7157539B23E5417500A93A12 /* MyCVTests.xctest */ = {isa = PBXFileReference; explicitFileType = wrapper.cfbundle; includeInIndex = 0; path = MyCVTests.xctest; sourceTree = BUILT_PRODUCTS_DIR; };
		7157539F23E5417500A93A12 /* MyCVTests.swift */ = {isa = PBXFileReference; lastKnownFileType = sourcecode.swift; path = MyCVTests.swift; sourceTree = "<group>"; };
		715753A123E5417500A93A12 /* Info.plist */ = {isa = PBXFileReference; lastKnownFileType = text.plist.xml; path = Info.plist; sourceTree = "<group>"; };
		71F11C4323E674A800F18AB3 /* CVInfoModel.swift */ = {isa = PBXFileReference; lastKnownFileType = sourcecode.swift; path = CVInfoModel.swift; sourceTree = "<group>"; };
		71F11C4623E6758A00F18AB3 /* ServiceConnection.swift */ = {isa = PBXFileReference; lastKnownFileType = sourcecode.swift; path = ServiceConnection.swift; sourceTree = "<group>"; };
		71F11C4823E67C2F00F18AB3 /* MyCVService.swift */ = {isa = PBXFileReference; lastKnownFileType = sourcecode.swift; path = MyCVService.swift; sourceTree = "<group>"; };
		71F11C4B23E696FA00F18AB3 /* HeaderView.swift */ = {isa = PBXFileReference; lastKnownFileType = sourcecode.swift; path = HeaderView.swift; sourceTree = "<group>"; };
		71F11C4E23E6B77700F18AB3 /* avatar.jpg */ = {isa = PBXFileReference; lastKnownFileType = image.jpeg; path = avatar.jpg; sourceTree = "<group>"; };
		71F11C5123E6C11B00F18AB3 /* ExperienceTableViewCell.swift */ = {isa = PBXFileReference; lastKnownFileType = sourcecode.swift; path = ExperienceTableViewCell.swift; sourceTree = "<group>"; };
		71F11C5223E6C11B00F18AB3 /* ExperienceTableViewCell.xib */ = {isa = PBXFileReference; lastKnownFileType = file.xib; path = ExperienceTableViewCell.xib; sourceTree = "<group>"; };
		71F11C5523E6CF8A00F18AB3 /* MyCVDataSource.swift */ = {isa = PBXFileReference; lastKnownFileType = sourcecode.swift; path = MyCVDataSource.swift; sourceTree = "<group>"; };
		71F11C5823E746F300F18AB3 /* MyCVViewController+DataSource.swift */ = {isa = PBXFileReference; lastKnownFileType = sourcecode.swift; path = "MyCVViewController+DataSource.swift"; sourceTree = "<group>"; };
		71F11C5A23E7475B00F18AB3 /* MyCVViewController+TableViewDelegate.swift */ = {isa = PBXFileReference; lastKnownFileType = sourcecode.swift; path = "MyCVViewController+TableViewDelegate.swift"; sourceTree = "<group>"; };
		71F11C5C23E747B400F18AB3 /* MyCVViewController+ScrollViewDelegate.swift */ = {isa = PBXFileReference; lastKnownFileType = sourcecode.swift; path = "MyCVViewController+ScrollViewDelegate.swift"; sourceTree = "<group>"; };
/* End PBXFileReference section */

/* Begin PBXFrameworksBuildPhase section */
		7157538223E5417400A93A12 /* Frameworks */ = {
			isa = PBXFrameworksBuildPhase;
			buildActionMask = 2147483647;
			files = (
			);
			runOnlyForDeploymentPostprocessing = 0;
		};
		7157539823E5417500A93A12 /* Frameworks */ = {
			isa = PBXFrameworksBuildPhase;
			buildActionMask = 2147483647;
			files = (
			);
			runOnlyForDeploymentPostprocessing = 0;
		};
/* End PBXFrameworksBuildPhase section */

/* Begin PBXGroup section */
		7105FDFC23E6489D00FA0DD7 /* EntityModule */ = {
			isa = PBXGroup;
			children = (
				71F11C4323E674A800F18AB3 /* CVInfoModel.swift */,
			);
			path = EntityModule;
			sourceTree = "<group>";
		};
		712F985C23E75A1A0074EF32 /* Router */ = {
			isa = PBXGroup;
			children = (
				7105FDF823E6442F00FA0DD7 /* MyCVRouter.swift */,
			);
			path = Router;
			sourceTree = "<group>";
		};
		7157537C23E5417400A93A12 = {
			isa = PBXGroup;
			children = (
				7157538723E5417400A93A12 /* MyCV */,
				7157539E23E5417500A93A12 /* MyCVTests */,
				7157538623E5417400A93A12 /* Products */,
			);
			sourceTree = "<group>";
		};
		7157538623E5417400A93A12 /* Products */ = {
			isa = PBXGroup;
			children = (
				7157538523E5417400A93A12 /* MyCV.app */,
				7157539B23E5417500A93A12 /* MyCVTests.xctest */,
			);
			name = Products;
			sourceTree = "<group>";
		};
		7157538723E5417400A93A12 /* MyCV */ = {
			isa = PBXGroup;
			children = (
				71F11C4D23E6B6E800F18AB3 /* Resources */,
				71F11C4523E6750A00F18AB3 /* ServiceModule */,
				7105FDFC23E6489D00FA0DD7 /* EntityModule */,
				715753AD23E642B300A93A12 /* MyCVModule */,
				7157538823E5417400A93A12 /* AppDelegate.swift */,
				7157538E23E5417400A93A12 /* Main.storyboard */,
				7157539123E5417500A93A12 /* Assets.xcassets */,
				7157539323E5417500A93A12 /* LaunchScreen.storyboard */,
				7157539623E5417500A93A12 /* Info.plist */,
			);
			path = MyCV;
			sourceTree = "<group>";
		};
		7157539E23E5417500A93A12 /* MyCVTests */ = {
			isa = PBXGroup;
			children = (
				7157539F23E5417500A93A12 /* MyCVTests.swift */,
				715753A123E5417500A93A12 /* Info.plist */,
			);
			path = MyCVTests;
			sourceTree = "<group>";
		};
		715753AD23E642B300A93A12 /* MyCVModule */ = {
			isa = PBXGroup;
			children = (
				712F985C23E75A1A0074EF32 /* Router */,
				71665A9823E74B220008BA4E /* Interactor */,
				71F11C5E23E74A1500F18AB3 /* Presenter */,
				71F11C4A23E696CE00F18AB3 /* View */,
				7105FDFA23E6449900FA0DD7 /* MyCVBuilder.swift */,
			);
			path = MyCVModule;
			sourceTree = "<group>";
		};
		71665A9823E74B220008BA4E /* Interactor */ = {
			isa = PBXGroup;
			children = (
				7105FDF623E643DA00FA0DD7 /* MyCVInteractor.swift */,
			);
			path = Interactor;
			sourceTree = "<group>";
		};
		71F11C4523E6750A00F18AB3 /* ServiceModule */ = {
			isa = PBXGroup;
			children = (
				71F11C4623E6758A00F18AB3 /* ServiceConnection.swift */,
				71F11C4823E67C2F00F18AB3 /* MyCVService.swift */,
			);
			path = ServiceModule;
			sourceTree = "<group>";
		};
		71F11C4A23E696CE00F18AB3 /* View */ = {
			isa = PBXGroup;
			children = (
				71F11C5723E746CE00F18AB3 /* ViewController */,
				71F11C5023E6C0B200F18AB3 /* Cell */,
				71F11C4B23E696FA00F18AB3 /* HeaderView.swift */,
				712F985D23E75AC00074EF32 /* SectionView.swift */,
			);
			path = View;
			sourceTree = "<group>";
		};
		71F11C4D23E6B6E800F18AB3 /* Resources */ = {
			isa = PBXGroup;
			children = (
				71F11C4E23E6B77700F18AB3 /* avatar.jpg */,
			);
			path = Resources;
			sourceTree = "<group>";
		};
		71F11C5023E6C0B200F18AB3 /* Cell */ = {
			isa = PBXGroup;
			children = (
				71F11C5123E6C11B00F18AB3 /* ExperienceTableViewCell.swift */,
				71F11C5223E6C11B00F18AB3 /* ExperienceTableViewCell.xib */,
			);
			path = Cell;
			sourceTree = "<group>";
		};
		71F11C5723E746CE00F18AB3 /* ViewController */ = {
			isa = PBXGroup;
			children = (
				7157538C23E5417400A93A12 /* MyCVViewController.swift */,
				71F11C5C23E747B400F18AB3 /* MyCVViewController+ScrollViewDelegate.swift */,
				71F11C5823E746F300F18AB3 /* MyCVViewController+DataSource.swift */,
				71F11C5A23E7475B00F18AB3 /* MyCVViewController+TableViewDelegate.swift */,
			);
			path = ViewController;
			sourceTree = "<group>";
		};
		71F11C5E23E74A1500F18AB3 /* Presenter */ = {
			isa = PBXGroup;
			children = (
				71F11C5523E6CF8A00F18AB3 /* MyCVDataSource.swift */,
				7105FDF423E6438C00FA0DD7 /* MyCVPresenter.swift */,
			);
			path = Presenter;
			sourceTree = "<group>";
		};
/* End PBXGroup section */

/* Begin PBXNativeTarget section */
		7157538423E5417400A93A12 /* MyCV */ = {
			isa = PBXNativeTarget;
			buildConfigurationList = 715753A423E5417500A93A12 /* Build configuration list for PBXNativeTarget "MyCV" */;
			buildPhases = (
				7157538123E5417400A93A12 /* Sources */,
				7157538223E5417400A93A12 /* Frameworks */,
				7157538323E5417400A93A12 /* Resources */,
			);
			buildRules = (
			);
			dependencies = (
			);
			name = MyCV;
			productName = MyCV;
			productReference = 7157538523E5417400A93A12 /* MyCV.app */;
			productType = "com.apple.product-type.application";
		};
		7157539A23E5417500A93A12 /* MyCVTests */ = {
			isa = PBXNativeTarget;
			buildConfigurationList = 715753A723E5417500A93A12 /* Build configuration list for PBXNativeTarget "MyCVTests" */;
			buildPhases = (
				7157539723E5417500A93A12 /* Sources */,
				7157539823E5417500A93A12 /* Frameworks */,
				7157539923E5417500A93A12 /* Resources */,
			);
			buildRules = (
			);
			dependencies = (
				7157539D23E5417500A93A12 /* PBXTargetDependency */,
			);
			name = MyCVTests;
			productName = MyCVTests;
			productReference = 7157539B23E5417500A93A12 /* MyCVTests.xctest */;
			productType = "com.apple.product-type.bundle.unit-test";
		};
/* End PBXNativeTarget section */

/* Begin PBXProject section */
		7157537D23E5417400A93A12 /* Project object */ = {
			isa = PBXProject;
			attributes = {
				LastSwiftUpdateCheck = 1120;
				LastUpgradeCheck = 1120;
				ORGANIZATIONNAME = "Marco Espinal";
				TargetAttributes = {
					7157538423E5417400A93A12 = {
						CreatedOnToolsVersion = 11.2.1;
					};
					7157539A23E5417500A93A12 = {
						CreatedOnToolsVersion = 11.2.1;
						TestTargetID = 7157538423E5417400A93A12;
					};
				};
			};
			buildConfigurationList = 7157538023E5417400A93A12 /* Build configuration list for PBXProject "MyCV" */;
			compatibilityVersion = "Xcode 9.3";
			developmentRegion = en;
			hasScannedForEncodings = 0;
			knownRegions = (
				en,
				Base,
			);
			mainGroup = 7157537C23E5417400A93A12;
			productRefGroup = 7157538623E5417400A93A12 /* Products */;
			projectDirPath = "";
			projectRoot = "";
			targets = (
				7157538423E5417400A93A12 /* MyCV */,
				7157539A23E5417500A93A12 /* MyCVTests */,
			);
		};
/* End PBXProject section */

/* Begin PBXResourcesBuildPhase section */
		7157538323E5417400A93A12 /* Resources */ = {
			isa = PBXResourcesBuildPhase;
			buildActionMask = 2147483647;
			files = (
				71F11C4F23E6B77700F18AB3 /* avatar.jpg in Resources */,
				7157539523E5417500A93A12 /* LaunchScreen.storyboard in Resources */,
				71F11C5423E6C11B00F18AB3 /* ExperienceTableViewCell.xib in Resources */,
				7157539223E5417500A93A12 /* Assets.xcassets in Resources */,
				7157539023E5417400A93A12 /* Main.storyboard in Resources */,
			);
			runOnlyForDeploymentPostprocessing = 0;
		};
		7157539923E5417500A93A12 /* Resources */ = {
			isa = PBXResourcesBuildPhase;
			buildActionMask = 2147483647;
			files = (
			);
			runOnlyForDeploymentPostprocessing = 0;
		};
/* End PBXResourcesBuildPhase section */

/* Begin PBXSourcesBuildPhase section */
		7157538123E5417400A93A12 /* Sources */ = {
			isa = PBXSourcesBuildPhase;
			buildActionMask = 2147483647;
			files = (
				71F11C5923E746F300F18AB3 /* MyCVViewController+DataSource.swift in Sources */,
				7157538D23E5417400A93A12 /* MyCVViewController.swift in Sources */,
				71F11C5623E6CF8A00F18AB3 /* MyCVDataSource.swift in Sources */,
				7105FDF723E643DA00FA0DD7 /* MyCVInteractor.swift in Sources */,
				71F11C5B23E7475B00F18AB3 /* MyCVViewController+TableViewDelegate.swift in Sources */,
				7105FDF523E6438C00FA0DD7 /* MyCVPresenter.swift in Sources */,
				71F11C4723E6758A00F18AB3 /* ServiceConnection.swift in Sources */,
				71F11C4923E67C2F00F18AB3 /* MyCVService.swift in Sources */,
				71F11C4C23E696FA00F18AB3 /* HeaderView.swift in Sources */,
				71F11C5323E6C11B00F18AB3 /* ExperienceTableViewCell.swift in Sources */,
				71F11C5D23E747B400F18AB3 /* MyCVViewController+ScrollViewDelegate.swift in Sources */,
				7105FDF923E6442F00FA0DD7 /* MyCVRouter.swift in Sources */,
				712F985E23E75AC00074EF32 /* SectionView.swift in Sources */,
				71F11C4423E674A800F18AB3 /* CVInfoModel.swift in Sources */,
				7157538923E5417400A93A12 /* AppDelegate.swift in Sources */,
				7105FDFB23E6449900FA0DD7 /* MyCVBuilder.swift in Sources */,
			);
			runOnlyForDeploymentPostprocessing = 0;
		};
		7157539723E5417500A93A12 /* Sources */ = {
			isa = PBXSourcesBuildPhase;
			buildActionMask = 2147483647;
			files = (
				715753A023E5417500A93A12 /* MyCVTests.swift in Sources */,
			);
			runOnlyForDeploymentPostprocessing = 0;
		};
/* End PBXSourcesBuildPhase section */

/* Begin PBXTargetDependency section */
		7157539D23E5417500A93A12 /* PBXTargetDependency */ = {
			isa = PBXTargetDependency;
			target = 7157538423E5417400A93A12 /* MyCV */;
			targetProxy = 7157539C23E5417500A93A12 /* PBXContainerItemProxy */;
		};
/* End PBXTargetDependency section */

/* Begin PBXVariantGroup section */
		7157538E23E5417400A93A12 /* Main.storyboard */ = {
			isa = PBXVariantGroup;
			children = (
				7157538F23E5417400A93A12 /* Base */,
			);
			name = Main.storyboard;
			sourceTree = "<group>";
		};
		7157539323E5417500A93A12 /* LaunchScreen.storyboard */ = {
			isa = PBXVariantGroup;
			children = (
				7157539423E5417500A93A12 /* Base */,
			);
			name = LaunchScreen.storyboard;
			sourceTree = "<group>";
		};
/* End PBXVariantGroup section */

/* Begin XCBuildConfiguration section */
		715753A223E5417500A93A12 /* Debug */ = {
			isa = XCBuildConfiguration;
			buildSettings = {
				ALWAYS_SEARCH_USER_PATHS = NO;
				CLANG_ANALYZER_NONNULL = YES;
				CLANG_ANALYZER_NUMBER_OBJECT_CONVERSION = YES_AGGRESSIVE;
				CLANG_CXX_LANGUAGE_STANDARD = "gnu++14";
				CLANG_CXX_LIBRARY = "libc++";
				CLANG_ENABLE_MODULES = YES;
				CLANG_ENABLE_OBJC_ARC = YES;
				CLANG_ENABLE_OBJC_WEAK = YES;
				CLANG_WARN_BLOCK_CAPTURE_AUTORELEASING = YES;
				CLANG_WARN_BOOL_CONVERSION = YES;
				CLANG_WARN_COMMA = YES;
				CLANG_WARN_CONSTANT_CONVERSION = YES;
				CLANG_WARN_DEPRECATED_OBJC_IMPLEMENTATIONS = YES;
				CLANG_WARN_DIRECT_OBJC_ISA_USAGE = YES_ERROR;
				CLANG_WARN_DOCUMENTATION_COMMENTS = YES;
				CLANG_WARN_EMPTY_BODY = YES;
				CLANG_WARN_ENUM_CONVERSION = YES;
				CLANG_WARN_INFINITE_RECURSION = YES;
				CLANG_WARN_INT_CONVERSION = YES;
				CLANG_WARN_NON_LITERAL_NULL_CONVERSION = YES;
				CLANG_WARN_OBJC_IMPLICIT_RETAIN_SELF = YES;
				CLANG_WARN_OBJC_LITERAL_CONVERSION = YES;
				CLANG_WARN_OBJC_ROOT_CLASS = YES_ERROR;
				CLANG_WARN_RANGE_LOOP_ANALYSIS = YES;
				CLANG_WARN_STRICT_PROTOTYPES = YES;
				CLANG_WARN_SUSPICIOUS_MOVE = YES;
				CLANG_WARN_UNGUARDED_AVAILABILITY = YES_AGGRESSIVE;
				CLANG_WARN_UNREACHABLE_CODE = YES;
				CLANG_WARN__DUPLICATE_METHOD_MATCH = YES;
				COPY_PHASE_STRIP = NO;
				DEBUG_INFORMATION_FORMAT = dwarf;
				ENABLE_STRICT_OBJC_MSGSEND = YES;
				ENABLE_TESTABILITY = YES;
				GCC_C_LANGUAGE_STANDARD = gnu11;
				GCC_DYNAMIC_NO_PIC = NO;
				GCC_NO_COMMON_BLOCKS = YES;
				GCC_OPTIMIZATION_LEVEL = 0;
				GCC_PREPROCESSOR_DEFINITIONS = (
					"DEBUG=1",
					"$(inherited)",
				);
				GCC_WARN_64_TO_32_BIT_CONVERSION = YES;
				GCC_WARN_ABOUT_RETURN_TYPE = YES_ERROR;
				GCC_WARN_UNDECLARED_SELECTOR = YES;
				GCC_WARN_UNINITIALIZED_AUTOS = YES_AGGRESSIVE;
				GCC_WARN_UNUSED_FUNCTION = YES;
				GCC_WARN_UNUSED_VARIABLE = YES;
				IPHONEOS_DEPLOYMENT_TARGET = 13.2;
				MTL_ENABLE_DEBUG_INFO = INCLUDE_SOURCE;
				MTL_FAST_MATH = YES;
				ONLY_ACTIVE_ARCH = YES;
				SDKROOT = iphoneos;
				SWIFT_ACTIVE_COMPILATION_CONDITIONS = DEBUG;
				SWIFT_OPTIMIZATION_LEVEL = "-Onone";
			};
			name = Debug;
		};
		715753A323E5417500A93A12 /* Release */ = {
			isa = XCBuildConfiguration;
			buildSettings = {
				ALWAYS_SEARCH_USER_PATHS = NO;
				CLANG_ANALYZER_NONNULL = YES;
				CLANG_ANALYZER_NUMBER_OBJECT_CONVERSION = YES_AGGRESSIVE;
				CLANG_CXX_LANGUAGE_STANDARD = "gnu++14";
				CLANG_CXX_LIBRARY = "libc++";
				CLANG_ENABLE_MODULES = YES;
				CLANG_ENABLE_OBJC_ARC = YES;
				CLANG_ENABLE_OBJC_WEAK = YES;
				CLANG_WARN_BLOCK_CAPTURE_AUTORELEASING = YES;
				CLANG_WARN_BOOL_CONVERSION = YES;
				CLANG_WARN_COMMA = YES;
				CLANG_WARN_CONSTANT_CONVERSION = YES;
				CLANG_WARN_DEPRECATED_OBJC_IMPLEMENTATIONS = YES;
				CLANG_WARN_DIRECT_OBJC_ISA_USAGE = YES_ERROR;
				CLANG_WARN_DOCUMENTATION_COMMENTS = YES;
				CLANG_WARN_EMPTY_BODY = YES;
				CLANG_WARN_ENUM_CONVERSION = YES;
				CLANG_WARN_INFINITE_RECURSION = YES;
				CLANG_WARN_INT_CONVERSION = YES;
				CLANG_WARN_NON_LITERAL_NULL_CONVERSION = YES;
				CLANG_WARN_OBJC_IMPLICIT_RETAIN_SELF = YES;
				CLANG_WARN_OBJC_LITERAL_CONVERSION = YES;
				CLANG_WARN_OBJC_ROOT_CLASS = YES_ERROR;
				CLANG_WARN_RANGE_LOOP_ANALYSIS = YES;
				CLANG_WARN_STRICT_PROTOTYPES = YES;
				CLANG_WARN_SUSPICIOUS_MOVE = YES;
				CLANG_WARN_UNGUARDED_AVAILABILITY = YES_AGGRESSIVE;
				CLANG_WARN_UNREACHABLE_CODE = YES;
				CLANG_WARN__DUPLICATE_METHOD_MATCH = YES;
				COPY_PHASE_STRIP = NO;
				DEBUG_INFORMATION_FORMAT = "dwarf-with-dsym";
				ENABLE_NS_ASSERTIONS = NO;
				ENABLE_STRICT_OBJC_MSGSEND = YES;
				GCC_C_LANGUAGE_STANDARD = gnu11;
				GCC_NO_COMMON_BLOCKS = YES;
				GCC_WARN_64_TO_32_BIT_CONVERSION = YES;
				GCC_WARN_ABOUT_RETURN_TYPE = YES_ERROR;
				GCC_WARN_UNDECLARED_SELECTOR = YES;
				GCC_WARN_UNINITIALIZED_AUTOS = YES_AGGRESSIVE;
				GCC_WARN_UNUSED_FUNCTION = YES;
				GCC_WARN_UNUSED_VARIABLE = YES;
				IPHONEOS_DEPLOYMENT_TARGET = 13.2;
				MTL_ENABLE_DEBUG_INFO = NO;
				MTL_FAST_MATH = YES;
				SDKROOT = iphoneos;
				SWIFT_COMPILATION_MODE = wholemodule;
				SWIFT_OPTIMIZATION_LEVEL = "-O";
				VALIDATE_PRODUCT = YES;
			};
			name = Release;
		};
		715753A523E5417500A93A12 /* Debug */ = {
			isa = XCBuildConfiguration;
			buildSettings = {
				ASSETCATALOG_COMPILER_APPICON_NAME = AppIcon;
				CODE_SIGN_STYLE = Automatic;
				DEVELOPMENT_TEAM = 44S6GU7JVK;
				INFOPLIST_FILE = MyCV/Info.plist;
				LD_RUNPATH_SEARCH_PATHS = (
					"$(inherited)",
					"@executable_path/Frameworks",
				);
				PRODUCT_BUNDLE_IDENTIFIER = com.maej90.MyCV;
				PRODUCT_NAME = "$(TARGET_NAME)";
				SWIFT_VERSION = 5.0;
				TARGETED_DEVICE_FAMILY = "1,2";
			};
			name = Debug;
		};
		715753A623E5417500A93A12 /* Release */ = {
			isa = XCBuildConfiguration;
			buildSettings = {
				ASSETCATALOG_COMPILER_APPICON_NAME = AppIcon;
				CODE_SIGN_STYLE = Automatic;
				DEVELOPMENT_TEAM = 44S6GU7JVK;
				INFOPLIST_FILE = MyCV/Info.plist;
				LD_RUNPATH_SEARCH_PATHS = (
					"$(inherited)",
					"@executable_path/Frameworks",
				);
				PRODUCT_BUNDLE_IDENTIFIER = com.maej90.MyCV;
				PRODUCT_NAME = "$(TARGET_NAME)";
				SWIFT_VERSION = 5.0;
				TARGETED_DEVICE_FAMILY = "1,2";
			};
			name = Release;
		};
		715753A823E5417500A93A12 /* Debug */ = {
			isa = XCBuildConfiguration;
			buildSettings = {
				ALWAYS_EMBED_SWIFT_STANDARD_LIBRARIES = YES;
				BUNDLE_LOADER = "$(TEST_HOST)";
				CODE_SIGN_STYLE = Automatic;
				DEVELOPMENT_TEAM = 44S6GU7JVK;
				INFOPLIST_FILE = MyCVTests/Info.plist;
				IPHONEOS_DEPLOYMENT_TARGET = 13.2;
				LD_RUNPATH_SEARCH_PATHS = (
					"$(inherited)",
					"@executable_path/Frameworks",
					"@loader_path/Frameworks",
				);
				PRODUCT_BUNDLE_IDENTIFIER = com.maej90.MyCVTests;
				PRODUCT_NAME = "$(TARGET_NAME)";
				SWIFT_VERSION = 5.0;
				TARGETED_DEVICE_FAMILY = "1,2";
				TEST_HOST = "$(BUILT_PRODUCTS_DIR)/MyCV.app/MyCV";
			};
			name = Debug;
		};
		715753A923E5417500A93A12 /* Release */ = {
			isa = XCBuildConfiguration;
			buildSettings = {
				ALWAYS_EMBED_SWIFT_STANDARD_LIBRARIES = YES;
				BUNDLE_LOADER = "$(TEST_HOST)";
				CODE_SIGN_STYLE = Automatic;
				DEVELOPMENT_TEAM = 44S6GU7JVK;
				INFOPLIST_FILE = MyCVTests/Info.plist;
				IPHONEOS_DEPLOYMENT_TARGET = 13.2;
				LD_RUNPATH_SEARCH_PATHS = (
					"$(inherited)",
					"@executable_path/Frameworks",
					"@loader_path/Frameworks",
				);
				PRODUCT_BUNDLE_IDENTIFIER = com.maej90.MyCVTests;
				PRODUCT_NAME = "$(TARGET_NAME)";
				SWIFT_VERSION = 5.0;
				TARGETED_DEVICE_FAMILY = "1,2";
				TEST_HOST = "$(BUILT_PRODUCTS_DIR)/MyCV.app/MyCV";
			};
			name = Release;
		};
/* End XCBuildConfiguration section */

/* Begin XCConfigurationList section */
		7157538023E5417400A93A12 /* Build configuration list for PBXProject "MyCV" */ = {
			isa = XCConfigurationList;
			buildConfigurations = (
				715753A223E5417500A93A12 /* Debug */,
				715753A323E5417500A93A12 /* Release */,
			);
			defaultConfigurationIsVisible = 0;
			defaultConfigurationName = Release;
		};
		715753A423E5417500A93A12 /* Build configuration list for PBXNativeTarget "MyCV" */ = {
			isa = XCConfigurationList;
			buildConfigurations = (
				715753A523E5417500A93A12 /* Debug */,
				715753A623E5417500A93A12 /* Release */,
			);
			defaultConfigurationIsVisible = 0;
			defaultConfigurationName = Release;
		};
		715753A723E5417500A93A12 /* Build configuration list for PBXNativeTarget "MyCVTests" */ = {
			isa = XCConfigurationList;
			buildConfigurations = (
				715753A823E5417500A93A12 /* Debug */,
				715753A923E5417500A93A12 /* Release */,
			);
			defaultConfigurationIsVisible = 0;
			defaultConfigurationName = Release;
		};
/* End XCConfigurationList section */
	};
	rootObject = 7157537D23E5417400A93A12 /* Project object */;
}
